
Microsoft Visual Studio Solution File, Format Version 12.00
# Visual Studio 15
VisualStudioVersion = 15.0.27130.2026
MinimumVisualStudioVersion = 10.0.40219.1
Project("{FAE04EC0-301F-11D3-BF4B-00C04F79EFBC}") = "Fiap.Xamarin.Exercicio6.Android", "Fiap.Xamarin.Exercicio6\Fiap.Xamarin.Exercicio6.Android\Fiap.Xamarin.Exercicio6.Android.csproj", "{D7FF55DF-D81F-4FE9-A7E8-7D729F81699A}"
EndProject
Project("{FAE04EC0-301F-11D3-BF4B-00C04F79EFBC}") = "Fiap.Xamarin.Exercicio6.iOS", "Fiap.Xamarin.Exercicio6\Fiap.Xamarin.Exercicio6.iOS\Fiap.Xamarin.Exercicio6.iOS.csproj", "{E5593B0E-FADC-418E-8493-C0874E9D658C}"
EndProject
Project("{FAE04EC0-301F-11D3-BF4B-00C04F79EFBC}") = "Fiap.Xamarin.Exercicio6", "Fiap.Xamarin.Exercicio6\Fiap.Xamarin.Exercicio6\Fiap.Xamarin.Exercicio6.csproj", "{45CFF9EF-2229-47E3-9298-6FCD44C29559}"
EndProject
Global
	GlobalSection(SolutionConfigurationPlatforms) = preSolution
		Ad-Hoc|Any CPU = Ad-Hoc|Any CPU
		Ad-Hoc|iPhone = Ad-Hoc|iPhone
		Ad-Hoc|iPhoneSimulator = Ad-Hoc|iPhoneSimulator
		AppStore|Any CPU = AppStore|Any CPU
		AppStore|iPhone = AppStore|iPhone
		AppStore|iPhoneSimulator = AppStore|iPhoneSimulator
		Debug|Any CPU = Debug|Any CPU
		Debug|iPhone = Debug|iPhone
		Debug|iPhoneSimulator = Debug|iPhoneSimulator
		Release|Any CPU = Release|Any CPU
		Release|iPhone = Release|iPhone
		Release|iPhoneSimulator = Release|iPhoneSimulator
	EndGlobalSection
	GlobalSection(ProjectConfigurationPlatforms) = postSolution
		{D7FF55DF-D81F-4FE9-A7E8-7D729F81699A}.Ad-Hoc|Any CPU.ActiveCfg = Release|Any CPU
		{D7FF55DF-D81F-4FE9-A7E8-7D729F81699A}.Ad-Hoc|Any CPU.Build.0 = Release|Any CPU
		{D7FF55DF-D81F-4FE9-A7E8-7D729F81699A}.Ad-Hoc|Any CPU.Deploy.0 = Release|Any CPU
		{D7FF55DF-D81F-4FE9-A7E8-7D729F81699A}.Ad-Hoc|iPhone.ActiveCfg = Release|Any CPU
		{D7FF55DF-D81F-4FE9-A7E8-7D729F81699A}.Ad-Hoc|iPhone.Build.0 = Release|Any CPU
		{D7FF55DF-D81F-4FE9-A7E8-7D729F81699A}.Ad-Hoc|iPhone.Deploy.0 = Release|Any CPU
		{D7FF55DF-D81F-4FE9-A7E8-7D729F81699A}.Ad-Hoc|iPhoneSimulator.ActiveCfg = Release|Any CPU
		{D7FF55DF-D81F-4FE9-A7E8-7D729F81699A}.Ad-Hoc|iPhoneSimulator.Build.0 = Release|Any CPU
		{D7FF55DF-D81F-4FE9-A7E8-7D729F81699A}.Ad-Hoc|iPhoneSimulator.Deploy.0 = Release|Any CPU
		{D7FF55DF-D81F-4FE9-A7E8-7D729F81699A}.AppStore|Any CPU.ActiveCfg = Release|Any CPU
		{D7FF55DF-D81F-4FE9-A7E8-7D729F81699A}.AppStore|Any CPU.Build.0 = Release|Any CPU
		{D7FF55DF-D81F-4FE9-A7E8-7D729F81699A}.AppStore|Any CPU.Deploy.0 = Release|Any CPU
		{D7FF55DF-D81F-4FE9-A7E8-7D729F81699A}.AppStore|iPhone.ActiveCfg = Release|Any CPU
		{D7FF55DF-D81F-4FE9-A7E8-7D729F81699A}.AppStore|iPhone.Build.0 = Release|Any CPU
		{D7FF55DF-D81F-4FE9-A7E8-7D729F81699A}.AppStore|iPhone.Deploy.0 = Release|Any CPU
		{D7FF55DF-D81F-4FE9-A7E8-7D729F81699A}.AppStore|iPhoneSimulator.ActiveCfg = Release|Any CPU
		{D7FF55DF-D81F-4FE9-A7E8-7D729F81699A}.AppStore|iPhoneSimulator.Build.0 = Release|Any CPU
		{D7FF55DF-D81F-4FE9-A7E8-7D729F81699A}.AppStore|iPhoneSimulator.Deploy.0 = Release|Any CPU
		{D7FF55DF-D81F-4FE9-A7E8-7D729F81699A}.Debug|Any CPU.ActiveCfg = Debug|Any CPU
		{D7FF55DF-D81F-4FE9-A7E8-7D729F81699A}.Debug|Any CPU.Build.0 = Debug|Any CPU
		{D7FF55DF-D81F-4FE9-A7E8-7D729F81699A}.Debug|Any CPU.Deploy.0 = Debug|Any CPU
		{D7FF55DF-D81F-4FE9-A7E8-7D729F81699A}.Debug|iPhone.ActiveCfg = Debug|Any CPU
		{D7FF55DF-D81F-4FE9-A7E8-7D729F81699A}.Debug|iPhone.Build.0 = Debug|Any CPU
		{D7FF55DF-D81F-4FE9-A7E8-7D729F81699A}.Debug|iPhone.Deploy.0 = Debug|Any CPU
		{D7FF55DF-D81F-4FE9-A7E8-7D729F81699A}.Debug|iPhoneSimulator.ActiveCfg = Debug|Any CPU
		{D7FF55DF-D81F-4FE9-A7E8-7D729F81699A}.Debug|iPhoneSimulator.Build.0 = Debug|Any CPU
		{D7FF55DF-D81F-4FE9-A7E8-7D729F81699A}.Debug|iPhoneSimulator.Deploy.0 = Debug|Any CPU
		{D7FF55DF-D81F-4FE9-A7E8-7D729F81699A}.Release|Any CPU.ActiveCfg = Release|Any CPU
		{D7FF55DF-D81F-4FE9-A7E8-7D729F81699A}.Release|Any CPU.Build.0 = Release|Any CPU
		{D7FF55DF-D81F-4FE9-A7E8-7D729F81699A}.Release|Any CPU.Deploy.0 = Release|Any CPU
		{D7FF55DF-D81F-4FE9-A7E8-7D729F81699A}.Release|iPhone.ActiveCfg = Release|Any CPU
		{D7FF55DF-D81F-4FE9-A7E8-7D729F81699A}.Release|iPhone.Build.0 = Release|Any CPU
		{D7FF55DF-D81F-4FE9-A7E8-7D729F81699A}.Release|iPhone.Deploy.0 = Release|Any CPU
		{D7FF55DF-D81F-4FE9-A7E8-7D729F81699A}.Release|iPhoneSimulator.ActiveCfg = Release|Any CPU
		{D7FF55DF-D81F-4FE9-A7E8-7D729F81699A}.Release|iPhoneSimulator.Build.0 = Release|Any CPU
		{D7FF55DF-D81F-4FE9-A7E8-7D729F81699A}.Release|iPhoneSimulator.Deploy.0 = Release|Any CPU
		{E5593B0E-FADC-418E-8493-C0874E9D658C}.Ad-Hoc|Any CPU.ActiveCfg = Ad-Hoc|iPhone
		{E5593B0E-FADC-418E-8493-C0874E9D658C}.Ad-Hoc|iPhone.ActiveCfg = Ad-Hoc|iPhone
		{E5593B0E-FADC-418E-8493-C0874E9D658C}.Ad-Hoc|iPhone.Build.0 = Ad-Hoc|iPhone
		{E5593B0E-FADC-418E-8493-C0874E9D658C}.Ad-Hoc|iPhoneSimulator.ActiveCfg = Ad-Hoc|iPhoneSimulator
		{E5593B0E-FADC-418E-8493-C0874E9D658C}.Ad-Hoc|iPhoneSimulator.Build.0 = Ad-Hoc|iPhoneSimulator
		{E5593B0E-FADC-418E-8493-C0874E9D658C}.AppStore|Any CPU.ActiveCfg = AppStore|iPhone
		{E5593B0E-FADC-418E-8493-C0874E9D658C}.AppStore|iPhone.ActiveCfg = AppStore|iPhone
		{E5593B0E-FADC-418E-8493-C0874E9D658C}.AppStore|iPhone.Build.0 = AppStore|iPhone
		{E5593B0E-FADC-418E-8493-C0874E9D658C}.AppStore|iPhoneSimulator.ActiveCfg = AppStore|iPhoneSimulator
		{E5593B0E-FADC-418E-8493-C0874E9D658C}.AppStore|iPhoneSimulator.Build.0 = AppStore|iPhoneSimulator
		{E5593B0E-FADC-418E-8493-C0874E9D658C}.Debug|Any CPU.ActiveCfg = Debug|iPhone
		{E5593B0E-FADC-418E-8493-C0874E9D658C}.Debug|iPhone.ActiveCfg = Debug|iPhone
		{E5593B0E-FADC-418E-8493-C0874E9D658C}.Debug|iPhone.Build.0 = Debug|iPhone
		{E5593B0E-FADC-418E-8493-C0874E9D658C}.Debug|iPhoneSimulator.ActiveCfg = Debug|iPhoneSimulator
		{E5593B0E-FADC-418E-8493-C0874E9D658C}.Debug|iPhoneSimulator.Build.0 = Debug|iPhoneSimulator
		{E5593B0E-FADC-418E-8493-C0874E9D658C}.Release|Any CPU.ActiveCfg = Release|iPhone
		{E5593B0E-FADC-418E-8493-C0874E9D658C}.Release|iPhone.ActiveCfg = Release|iPhone
		{E5593B0E-FADC-418E-8493-C0874E9D658C}.Release|iPhone.Build.0 = Release|iPhone
		{E5593B0E-FADC-418E-8493-C0874E9D658C}.Release|iPhoneSimulator.ActiveCfg = Release|iPhoneSimulator
		{E5593B0E-FADC-418E-8493-C0874E9D658C}.Release|iPhoneSimulator.Build.0 = Release|iPhoneSimulator
		{45CFF9EF-2229-47E3-9298-6FCD44C29559}.Ad-Hoc|Any CPU.ActiveCfg = Debug|Any CPU
		{45CFF9EF-2229-47E3-9298-6FCD44C29559}.Ad-Hoc|Any CPU.Build.0 = Debug|Any CPU
		{45CFF9EF-2229-47E3-9298-6FCD44C29559}.Ad-Hoc|iPhone.ActiveCfg = Debug|Any CPU
		{45CFF9EF-2229-47E3-9298-6FCD44C29559}.Ad-Hoc|iPhone.Build.0 = Debug|Any CPU
		{45CFF9EF-2229-47E3-9298-6FCD44C29559}.Ad-Hoc|iPhoneSimulator.ActiveCfg = Debug|Any CPU
		{45CFF9EF-2229-47E3-9298-6FCD44C29559}.Ad-Hoc|iPhoneSimulator.Build.0 = Debug|Any CPU
		{45CFF9EF-2229-47E3-9298-6FCD44C29559}.AppStore|Any CPU.ActiveCfg = Debug|Any CPU
		{45CFF9EF-2229-47E3-9298-6FCD44C29559}.AppStore|Any CPU.Build.0 = Debug|Any CPU
		{45CFF9EF-2229-47E3-9298-6FCD44C29559}.AppStore|iPhone.ActiveCfg = Debug|Any CPU
		{45CFF9EF-2229-47E3-9298-6FCD44C29559}.AppStore|iPhone.Build.0 = Debug|Any CPU
		{45CFF9EF-2229-47E3-9298-6FCD44C29559}.AppStore|iPhoneSimulator.ActiveCfg = Debug|Any CPU
		{45CFF9EF-2229-47E3-9298-6FCD44C29559}.AppStore|iPhoneSimulator.Build.0 = Debug|Any CPU
		{45CFF9EF-2229-47E3-9298-6FCD44C29559}.Debug|Any CPU.ActiveCfg = Debug|Any CPU
		{45CFF9EF-2229-47E3-9298-6FCD44C29559}.Debug|Any CPU.Build.0 = Debug|Any CPU
		{45CFF9EF-2229-47E3-9298-6FCD44C29559}.Debug|iPhone.ActiveCfg = Debug|Any CPU
		{45CFF9EF-2229-47E3-9298-6FCD44C29559}.Debug|iPhone.Build.0 = Debug|Any CPU
		{45CFF9EF-2229-47E3-9298-6FCD44C29559}.Debug|iPhoneSimulator.ActiveCfg = Debug|Any CPU
		{45CFF9EF-2229-47E3-9298-6FCD44C29559}.Debug|iPhoneSimulator.Build.0 = Debug|Any CPU
		{45CFF9EF-2229-47E3-9298-6FCD44C29559}.Release|Any CPU.ActiveCfg = Release|Any CPU
		{45CFF9EF-2229-47E3-9298-6FCD44C29559}.Release|Any CPU.Build.0 = Release|Any CPU
		{45CFF9EF-2229-47E3-9298-6FCD44C29559}.Release|iPhone.ActiveCfg = Release|Any CPU
		{45CFF9EF-2229-47E3-9298-6FCD44C29559}.Release|iPhone.Build.0 = Release|Any CPU
		{45CFF9EF-2229-47E3-9298-6FCD44C29559}.Release|iPhoneSimulator.ActiveCfg = Release|Any CPU
		{45CFF9EF-2229-47E3-9298-6FCD44C29559}.Release|iPhoneSimulator.Build.0 = Release|Any CPU
	EndGlobalSection
	GlobalSection(SolutionProperties) = preSolution
		HideSolutionNode = FALSE
	EndGlobalSection
	GlobalSection(ExtensibilityGlobals) = postSolution
		SolutionGuid = {BCC19B4B-CC7A-4899-B544-18B6425C99B1}
	EndGlobalSection
EndGlobal
